
Microsoft Visual Studio Solution File, Format Version 12.00
# Visual Studio Version 17
VisualStudioVersion = 17.3.32811.315
MinimumVisualStudioVersion = 10.0.40219.1
Project("{888888A0-9F3D-457C-B088-3A5042F75D52}") = "Day18", "Day18.pyproj", "{9EBBB055-A85C-40DD-BAB2-CDAF624596CD}"
EndProject
Global
	GlobalSection(SolutionConfigurationPlatforms) = preSolution
		Debug|Any CPU = Debug|Any CPU
		Release|Any CPU = Release|Any CPU
	EndGlobalSection
	GlobalSection(ProjectConfigurationPlatforms) = postSolution
		{9EBBB055-A85C-40DD-BAB2-CDAF624596CD}.Debug|Any CPU.ActiveCfg = Debug|Any CPU
		{9EBBB055-A85C-40DD-BAB2-CDAF624596CD}.Release|Any CPU.ActiveCfg = Release|Any CPU
	EndGlobalSection
	GlobalSection(SolutionProperties) = preSolution
		HideSolutionNode = FALSE
	EndGlobalSection
	GlobalSection(ExtensibilityGlobals) = postSolution
		SolutionGuid = {F0304D98-9607-488E-9F21-DA93751B2927}
	EndGlobalSection
EndGlobal
